
Microsoft Visual Studio Solution File, Format Version 12.00
# Visual Studio Version 17
VisualStudioVersion = 17.0.31903.59
MinimumVisualStudioVersion = 10.0.40219.1
Project("{FAE04EC0-301F-11D3-BF4B-00C04F79EFBC}") = "Day1", "src\Day1\Day1.csproj", "{27614068-DB27-4070-9F98-0909BE5B6DDD}"
EndProject
Project("{FAE04EC0-301F-11D3-BF4B-00C04F79EFBC}") = "Common", "src\Common\Common.csproj", "{0BC938ED-B92C-4567-A76A-895406FB9AF6}"
EndProject
Project("{FAE04EC0-301F-11D3-BF4B-00C04F79EFBC}") = "Day2", "src\Day2\Day2.csproj", "{19CFC6CC-CEA4-4DED-B76F-A085883D8B28}"
EndProject
Project("{FAE04EC0-301F-11D3-BF4B-00C04F79EFBC}") = "Day3", "src\Day3\Day3.csproj", "{8FD89F8B-443D-4345-9908-31A1133055F6}"
EndProject
Project("{FAE04EC0-301F-11D3-BF4B-00C04F79EFBC}") = "Day4", "src\Day4\Day4.csproj", "{001CF824-3680-4076-9BF9-2378647E1A91}"
EndProject
Project("{FAE04EC0-301F-11D3-BF4B-00C04F79EFBC}") = "Day5", "src\Day5\Day5.csproj", "{204ECB77-5184-48C5-825E-7A1FF5862C98}"
EndProject
Project("{FAE04EC0-301F-11D3-BF4B-00C04F79EFBC}") = "Day6", "src\Day6\Day6.csproj", "{1A0CE8F7-B409-491E-A487-79B286400D4A}"
EndProject
Global
	GlobalSection(SolutionConfigurationPlatforms) = preSolution
		Debug|Any CPU = Debug|Any CPU
		Release|Any CPU = Release|Any CPU
	EndGlobalSection
	GlobalSection(SolutionProperties) = preSolution
		HideSolutionNode = FALSE
	EndGlobalSection
	GlobalSection(ProjectConfigurationPlatforms) = postSolution
		{27614068-DB27-4070-9F98-0909BE5B6DDD}.Debug|Any CPU.ActiveCfg = Debug|Any CPU
		{27614068-DB27-4070-9F98-0909BE5B6DDD}.Debug|Any CPU.Build.0 = Debug|Any CPU
		{27614068-DB27-4070-9F98-0909BE5B6DDD}.Release|Any CPU.ActiveCfg = Release|Any CPU
		{27614068-DB27-4070-9F98-0909BE5B6DDD}.Release|Any CPU.Build.0 = Release|Any CPU
		{0BC938ED-B92C-4567-A76A-895406FB9AF6}.Debug|Any CPU.ActiveCfg = Debug|Any CPU
		{0BC938ED-B92C-4567-A76A-895406FB9AF6}.Debug|Any CPU.Build.0 = Debug|Any CPU
		{0BC938ED-B92C-4567-A76A-895406FB9AF6}.Release|Any CPU.ActiveCfg = Release|Any CPU
		{0BC938ED-B92C-4567-A76A-895406FB9AF6}.Release|Any CPU.Build.0 = Release|Any CPU
		{19CFC6CC-CEA4-4DED-B76F-A085883D8B28}.Debug|Any CPU.ActiveCfg = Debug|Any CPU
		{19CFC6CC-CEA4-4DED-B76F-A085883D8B28}.Debug|Any CPU.Build.0 = Debug|Any CPU
		{19CFC6CC-CEA4-4DED-B76F-A085883D8B28}.Release|Any CPU.ActiveCfg = Release|Any CPU
		{19CFC6CC-CEA4-4DED-B76F-A085883D8B28}.Release|Any CPU.Build.0 = Release|Any CPU
		{8FD89F8B-443D-4345-9908-31A1133055F6}.Debug|Any CPU.ActiveCfg = Debug|Any CPU
		{8FD89F8B-443D-4345-9908-31A1133055F6}.Debug|Any CPU.Build.0 = Debug|Any CPU
		{8FD89F8B-443D-4345-9908-31A1133055F6}.Release|Any CPU.ActiveCfg = Release|Any CPU
		{8FD89F8B-443D-4345-9908-31A1133055F6}.Release|Any CPU.Build.0 = Release|Any CPU
		{001CF824-3680-4076-9BF9-2378647E1A91}.Debug|Any CPU.ActiveCfg = Debug|Any CPU
		{001CF824-3680-4076-9BF9-2378647E1A91}.Debug|Any CPU.Build.0 = Debug|Any CPU
		{001CF824-3680-4076-9BF9-2378647E1A91}.Release|Any CPU.ActiveCfg = Release|Any CPU
		{001CF824-3680-4076-9BF9-2378647E1A91}.Release|Any CPU.Build.0 = Release|Any CPU
		{204ECB77-5184-48C5-825E-7A1FF5862C98}.Debug|Any CPU.ActiveCfg = Debug|Any CPU
		{204ECB77-5184-48C5-825E-7A1FF5862C98}.Debug|Any CPU.Build.0 = Debug|Any CPU
		{204ECB77-5184-48C5-825E-7A1FF5862C98}.Release|Any CPU.ActiveCfg = Release|Any CPU
		{204ECB77-5184-48C5-825E-7A1FF5862C98}.Release|Any CPU.Build.0 = Release|Any CPU
		{1A0CE8F7-B409-491E-A487-79B286400D4A}.Debug|Any CPU.ActiveCfg = Debug|Any CPU
		{1A0CE8F7-B409-491E-A487-79B286400D4A}.Debug|Any CPU.Build.0 = Debug|Any CPU
		{1A0CE8F7-B409-491E-A487-79B286400D4A}.Release|Any CPU.ActiveCfg = Release|Any CPU
		{1A0CE8F7-B409-491E-A487-79B286400D4A}.Release|Any CPU.Build.0 = Release|Any CPU
	EndGlobalSection
EndGlobal
